
Microsoft Visual Studio Solution File, Format Version 12.00
# Visual Studio Version 17
VisualStudioVersion = 17.3.32804.467
MinimumVisualStudioVersion = 10.0.40219.1
Project("{FAE04EC0-301F-11D3-BF4B-00C04F79EFBC}") = "todo-list-api", "todo-list-api\todo-list-api.csproj", "{4A5DFC8C-A01F-4D19-92B8-E8835CB5DB4A}"
EndProject
Global
	GlobalSection(SolutionConfigurationPlatforms) = preSolution
		Debug|Any CPU = Debug|Any CPU
		Release|Any CPU = Release|Any CPU
	EndGlobalSection
	GlobalSection(ProjectConfigurationPlatforms) = postSolution
		{4A5DFC8C-A01F-4D19-92B8-E8835CB5DB4A}.Debug|Any CPU.ActiveCfg = Debug|Any CPU
		{4A5DFC8C-A01F-4D19-92B8-E8835CB5DB4A}.Debug|Any CPU.Build.0 = Debug|Any CPU
		{4A5DFC8C-A01F-4D19-92B8-E8835CB5DB4A}.Release|Any CPU.ActiveCfg = Release|Any CPU
		{4A5DFC8C-A01F-4D19-92B8-E8835CB5DB4A}.Release|Any CPU.Build.0 = Release|Any CPU
	EndGlobalSection
	GlobalSection(SolutionProperties) = preSolution
		HideSolutionNode = FALSE
	EndGlobalSection
	GlobalSection(ExtensibilityGlobals) = postSolution
		SolutionGuid = {5DBB3C84-4813-453F-8D09-DF50A864F4F0}
	EndGlobalSection
EndGlobal
